// !$*UTF8*$!
{
	archiveVersion = 1;
	classes = {
	};
	objectVersion = 55;
	objects = {

/* Begin PBXBuildFile section */
		3553D357305412B4A20C7B1A /* Pods_Photo_Search.framework in Frameworks */ = {isa = PBXBuildFile; fileRef = 871FD698DF757F486DFAB68E /* Pods_Photo_Search.framework */; };
		FC100A77296369D20016304A /* UIView+ext.swift in Sources */ = {isa = PBXBuildFile; fileRef = FC100A76296369D20016304A /* UIView+ext.swift */; };
		FC100A7929636A320016304A /* PSBaseViewController.swift in Sources */ = {isa = PBXBuildFile; fileRef = FC100A7829636A320016304A /* PSBaseViewController.swift */; };
		FC100A7B29636A8F0016304A /* PSBaseView.swift in Sources */ = {isa = PBXBuildFile; fileRef = FC100A7A29636A8F0016304A /* PSBaseView.swift */; };
		FC100A7D29636AFC0016304A /* PSConfigurator.swift in Sources */ = {isa = PBXBuildFile; fileRef = FC100A7C29636AFC0016304A /* PSConfigurator.swift */; };
		FC100A7F29636B7A0016304A /* PSRouter.swift in Sources */ = {isa = PBXBuildFile; fileRef = FC100A7E29636B7A0016304A /* PSRouter.swift */; };
		FC100A8129637CC60016304A /* PhotoDetailView.swift in Sources */ = {isa = PBXBuildFile; fileRef = FC100A8029637CC60016304A /* PhotoDetailView.swift */; };
		FC100A84296385AB0016304A /* PhotoDetailViewModel.swift in Sources */ = {isa = PBXBuildFile; fileRef = FC100A83296385AB0016304A /* PhotoDetailViewModel.swift */; };
		FC100A8929639A1E0016304A /* FavoriteListViewModel.swift in Sources */ = {isa = PBXBuildFile; fileRef = FC100A8829639A1E0016304A /* FavoriteListViewModel.swift */; };
		FC100A8B29639A540016304A /* FavoritePhotoCellViewModel.swift in Sources */ = {isa = PBXBuildFile; fileRef = FC100A8A29639A540016304A /* FavoritePhotoCellViewModel.swift */; };
		FC100A8F2963A5400016304A /* PhotosCollectionViewModel.swift in Sources */ = {isa = PBXBuildFile; fileRef = FC100A8E2963A5400016304A /* PhotosCollectionViewModel.swift */; };
		FC100A912963A56D0016304A /* PhotoCellViewModel.swift in Sources */ = {isa = PBXBuildFile; fileRef = FC100A902963A56D0016304A /* PhotoCellViewModel.swift */; };
		FC9F402829633A6F000E998C /* AppDelegate.swift in Sources */ = {isa = PBXBuildFile; fileRef = FC9F402729633A6F000E998C /* AppDelegate.swift */; };
		FC9F402A29633A6F000E998C /* SceneDelegate.swift in Sources */ = {isa = PBXBuildFile; fileRef = FC9F402929633A6F000E998C /* SceneDelegate.swift */; };
		FC9F403129633A70000E998C /* Assets.xcassets in Resources */ = {isa = PBXBuildFile; fileRef = FC9F403029633A70000E998C /* Assets.xcassets */; };
		FC9F403429633A70000E998C /* LaunchScreen.storyboard in Resources */ = {isa = PBXBuildFile; fileRef = FC9F403229633A70000E998C /* LaunchScreen.storyboard */; };
		FC9F404429633F8F000E998C /* PSTabBarController.swift in Sources */ = {isa = PBXBuildFile; fileRef = FC9F404329633F8F000E998C /* PSTabBarController.swift */; };
		FC9F4046296340DE000E998C /* PhotosCollectionViewController.swift in Sources */ = {isa = PBXBuildFile; fileRef = FC9F4045296340DE000E998C /* PhotosCollectionViewController.swift */; };
		FC9F40492963416C000E998C /* PhotoViewCell.swift in Sources */ = {isa = PBXBuildFile; fileRef = FC9F40482963416C000E998C /* PhotoViewCell.swift */; };
		FC9F404B29634203000E998C /* FavoriteListViewController.swift in Sources */ = {isa = PBXBuildFile; fileRef = FC9F404A29634203000E998C /* FavoriteListViewController.swift */; };
		FC9F404D29634235000E998C /* FavoritePhotoViewCell.swift in Sources */ = {isa = PBXBuildFile; fileRef = FC9F404C29634235000E998C /* FavoritePhotoViewCell.swift */; };
		FC9F4050296342E5000E998C /* PhotoDetailViewController.swift in Sources */ = {isa = PBXBuildFile; fileRef = FC9F404F296342E5000E998C /* PhotoDetailViewController.swift */; };
		FC9F4052296343D1000E998C /* Photo.swift in Sources */ = {isa = PBXBuildFile; fileRef = FC9F4051296343D1000E998C /* Photo.swift */; };
		FC9F405429634406000E998C /* SearchedPhotos.swift in Sources */ = {isa = PBXBuildFile; fileRef = FC9F405329634406000E998C /* SearchedPhotos.swift */; };
		FC9F405629634451000E998C /* NetworkManager.swift in Sources */ = {isa = PBXBuildFile; fileRef = FC9F405529634451000E998C /* NetworkManager.swift */; };
		FC9F405829634472000E998C /* StorageManager.swift in Sources */ = {isa = PBXBuildFile; fileRef = FC9F405729634472000E998C /* StorageManager.swift */; };
/* End PBXBuildFile section */

/* Begin PBXFileReference section */
		1C2C0DD9F1BE59CD3EC4446E /* Pods-Photo Search.release.xcconfig */ = {isa = PBXFileReference; includeInIndex = 1; lastKnownFileType = text.xcconfig; name = "Pods-Photo Search.release.xcconfig"; path = "Target Support Files/Pods-Photo Search/Pods-Photo Search.release.xcconfig"; sourceTree = "<group>"; };
		871FD698DF757F486DFAB68E /* Pods_Photo_Search.framework */ = {isa = PBXFileReference; explicitFileType = wrapper.framework; includeInIndex = 0; path = Pods_Photo_Search.framework; sourceTree = BUILT_PRODUCTS_DIR; };
		CABCEECDE53AA738C060C780 /* Pods-Photo Search.debug.xcconfig */ = {isa = PBXFileReference; includeInIndex = 1; lastKnownFileType = text.xcconfig; name = "Pods-Photo Search.debug.xcconfig"; path = "Target Support Files/Pods-Photo Search/Pods-Photo Search.debug.xcconfig"; sourceTree = "<group>"; };
		FC100A76296369D20016304A /* UIView+ext.swift */ = {isa = PBXFileReference; lastKnownFileType = sourcecode.swift; path = "UIView+ext.swift"; sourceTree = "<group>"; };
		FC100A7829636A320016304A /* PSBaseViewController.swift */ = {isa = PBXFileReference; lastKnownFileType = sourcecode.swift; path = PSBaseViewController.swift; sourceTree = "<group>"; };
		FC100A7A29636A8F0016304A /* PSBaseView.swift */ = {isa = PBXFileReference; lastKnownFileType = sourcecode.swift; path = PSBaseView.swift; sourceTree = "<group>"; };
		FC100A7C29636AFC0016304A /* PSConfigurator.swift */ = {isa = PBXFileReference; lastKnownFileType = sourcecode.swift; path = PSConfigurator.swift; sourceTree = "<group>"; };
		FC100A7E29636B7A0016304A /* PSRouter.swift */ = {isa = PBXFileReference; lastKnownFileType = sourcecode.swift; path = PSRouter.swift; sourceTree = "<group>"; };
		FC100A8029637CC60016304A /* PhotoDetailView.swift */ = {isa = PBXFileReference; lastKnownFileType = sourcecode.swift; path = PhotoDetailView.swift; sourceTree = "<group>"; };
		FC100A83296385AB0016304A /* PhotoDetailViewModel.swift */ = {isa = PBXFileReference; lastKnownFileType = sourcecode.swift; path = PhotoDetailViewModel.swift; sourceTree = "<group>"; };
		FC100A8829639A1E0016304A /* FavoriteListViewModel.swift */ = {isa = PBXFileReference; lastKnownFileType = sourcecode.swift; path = FavoriteListViewModel.swift; sourceTree = "<group>"; };
		FC100A8A29639A540016304A /* FavoritePhotoCellViewModel.swift */ = {isa = PBXFileReference; lastKnownFileType = sourcecode.swift; path = FavoritePhotoCellViewModel.swift; sourceTree = "<group>"; };
		FC100A8E2963A5400016304A /* PhotosCollectionViewModel.swift */ = {isa = PBXFileReference; lastKnownFileType = sourcecode.swift; path = PhotosCollectionViewModel.swift; sourceTree = "<group>"; };
		FC100A902963A56D0016304A /* PhotoCellViewModel.swift */ = {isa = PBXFileReference; lastKnownFileType = sourcecode.swift; path = PhotoCellViewModel.swift; sourceTree = "<group>"; };
		FC9F402429633A6F000E998C /* Photo Search.app */ = {isa = PBXFileReference; explicitFileType = wrapper.application; includeInIndex = 0; path = "Photo Search.app"; sourceTree = BUILT_PRODUCTS_DIR; };
		FC9F402729633A6F000E998C /* AppDelegate.swift */ = {isa = PBXFileReference; lastKnownFileType = sourcecode.swift; path = AppDelegate.swift; sourceTree = "<group>"; };
		FC9F402929633A6F000E998C /* SceneDelegate.swift */ = {isa = PBXFileReference; lastKnownFileType = sourcecode.swift; path = SceneDelegate.swift; sourceTree = "<group>"; };
		FC9F403029633A70000E998C /* Assets.xcassets */ = {isa = PBXFileReference; lastKnownFileType = folder.assetcatalog; path = Assets.xcassets; sourceTree = "<group>"; };
		FC9F403329633A70000E998C /* Base */ = {isa = PBXFileReference; lastKnownFileType = file.storyboard; name = Base; path = Base.lproj/LaunchScreen.storyboard; sourceTree = "<group>"; };
		FC9F403529633A70000E998C /* Info.plist */ = {isa = PBXFileReference; lastKnownFileType = text.plist.xml; path = Info.plist; sourceTree = "<group>"; };
		FC9F404329633F8F000E998C /* PSTabBarController.swift */ = {isa = PBXFileReference; lastKnownFileType = sourcecode.swift; path = PSTabBarController.swift; sourceTree = "<group>"; };
		FC9F4045296340DE000E998C /* PhotosCollectionViewController.swift */ = {isa = PBXFileReference; lastKnownFileType = sourcecode.swift; path = PhotosCollectionViewController.swift; sourceTree = "<group>"; };
		FC9F40482963416C000E998C /* PhotoViewCell.swift */ = {isa = PBXFileReference; lastKnownFileType = sourcecode.swift; path = PhotoViewCell.swift; sourceTree = "<group>"; };
		FC9F404A29634203000E998C /* FavoriteListViewController.swift */ = {isa = PBXFileReference; lastKnownFileType = sourcecode.swift; path = FavoriteListViewController.swift; sourceTree = "<group>"; };
		FC9F404C29634235000E998C /* FavoritePhotoViewCell.swift */ = {isa = PBXFileReference; lastKnownFileType = sourcecode.swift; path = FavoritePhotoViewCell.swift; sourceTree = "<group>"; };
		FC9F404F296342E5000E998C /* PhotoDetailViewController.swift */ = {isa = PBXFileReference; lastKnownFileType = sourcecode.swift; path = PhotoDetailViewController.swift; sourceTree = "<group>"; };
		FC9F4051296343D1000E998C /* Photo.swift */ = {isa = PBXFileReference; lastKnownFileType = sourcecode.swift; path = Photo.swift; sourceTree = "<group>"; };
		FC9F405329634406000E998C /* SearchedPhotos.swift */ = {isa = PBXFileReference; lastKnownFileType = sourcecode.swift; path = SearchedPhotos.swift; sourceTree = "<group>"; };
		FC9F405529634451000E998C /* NetworkManager.swift */ = {isa = PBXFileReference; lastKnownFileType = sourcecode.swift; path = NetworkManager.swift; sourceTree = "<group>"; };
		FC9F405729634472000E998C /* StorageManager.swift */ = {isa = PBXFileReference; lastKnownFileType = sourcecode.swift; path = StorageManager.swift; sourceTree = "<group>"; };
/* End PBXFileReference section */

/* Begin PBXFrameworksBuildPhase section */
		FC9F402129633A6F000E998C /* Frameworks */ = {
			isa = PBXFrameworksBuildPhase;
			buildActionMask = 2147483647;
			files = (
				3553D357305412B4A20C7B1A /* Pods_Photo_Search.framework in Frameworks */,
			);
			runOnlyForDeploymentPostprocessing = 0;
		};
/* End PBXFrameworksBuildPhase section */

/* Begin PBXGroup section */
		60984774722041189DC2AC4C /* Frameworks */ = {
			isa = PBXGroup;
			children = (
				871FD698DF757F486DFAB68E /* Pods_Photo_Search.framework */,
			);
			name = Frameworks;
			sourceTree = "<group>";
		};
		A88C539C505E9219E9DF25ED /* Pods */ = {
			isa = PBXGroup;
			children = (
				CABCEECDE53AA738C060C780 /* Pods-Photo Search.debug.xcconfig */,
				1C2C0DD9F1BE59CD3EC4446E /* Pods-Photo Search.release.xcconfig */,
			);
			path = Pods;
			sourceTree = "<group>";
		};
		FC100A8229637CCF0016304A /* View */ = {
			isa = PBXGroup;
			children = (
				FC9F404F296342E5000E998C /* PhotoDetailViewController.swift */,
				FC100A8029637CC60016304A /* PhotoDetailView.swift */,
			);
			path = View;
			sourceTree = "<group>";
		};
		FC100A85296398A40016304A /* ViewModel */ = {
			isa = PBXGroup;
			children = (
				FC100A83296385AB0016304A /* PhotoDetailViewModel.swift */,
			);
			path = ViewModel;
			sourceTree = "<group>";
		};
		FC100A862963999D0016304A /* View */ = {
			isa = PBXGroup;
			children = (
				FC9F404C29634235000E998C /* FavoritePhotoViewCell.swift */,
				FC9F404A29634203000E998C /* FavoriteListViewController.swift */,
			);
			path = View;
			sourceTree = "<group>";
		};
		FC100A87296399A50016304A /* ViewModel */ = {
			isa = PBXGroup;
			children = (
				FC100A8829639A1E0016304A /* FavoriteListViewModel.swift */,
				FC100A8A29639A540016304A /* FavoritePhotoCellViewModel.swift */,
			);
			path = ViewModel;
			sourceTree = "<group>";
		};
		FC100A8C2963A4D40016304A /* ViewModel */ = {
			isa = PBXGroup;
			children = (
				FC100A8E2963A5400016304A /* PhotosCollectionViewModel.swift */,
				FC100A902963A56D0016304A /* PhotoCellViewModel.swift */,
			);
			path = ViewModel;
			sourceTree = "<group>";
		};
		FC100A8D2963A4E00016304A /* View */ = {
			isa = PBXGroup;
			children = (
				FC9F40482963416C000E998C /* PhotoViewCell.swift */,
				FC9F4045296340DE000E998C /* PhotosCollectionViewController.swift */,
			);
			path = View;
			sourceTree = "<group>";
		};
		FC9F401B29633A6F000E998C = {
			isa = PBXGroup;
			children = (
				FC9F402629633A6F000E998C /* Photo Search */,
				FC9F402529633A6F000E998C /* Products */,
				A88C539C505E9219E9DF25ED /* Pods */,
				60984774722041189DC2AC4C /* Frameworks */,
			);
			sourceTree = "<group>";
		};
		FC9F402529633A6F000E998C /* Products */ = {
			isa = PBXGroup;
			children = (
				FC9F402429633A6F000E998C /* Photo Search.app */,
			);
			name = Products;
			sourceTree = "<group>";
		};
		FC9F402629633A6F000E998C /* Photo Search */ = {
			isa = PBXGroup;
			children = (
				FC9F403B29633D13000E998C /* SupportingFiles */,
				FC9F403C29633D5D000E998C /* Resources */,
				FC9F403D29633D8A000E998C /* Extensions */,
				FC9F403E29633DA1000E998C /* Base */,
				FC9F404029633DC0000E998C /* Services */,
				FC9F404729634122000E998C /* Models */,
				FC9F404129633E35000E998C /* PhotosModule */,
				FC9F404229633E3F000E998C /* FavoriteModule */,
				FC9F404E29634266000E998C /* PhotoDetailModule */,
			);
			path = "Photo Search";
			sourceTree = "<group>";
		};
		FC9F403B29633D13000E998C /* SupportingFiles */ = {
			isa = PBXGroup;
			children = (
				FC9F402729633A6F000E998C /* AppDelegate.swift */,
				FC9F402929633A6F000E998C /* SceneDelegate.swift */,
				FC9F403529633A70000E998C /* Info.plist */,
				FC9F403229633A70000E998C /* LaunchScreen.storyboard */,
			);
			path = SupportingFiles;
			sourceTree = "<group>";
		};
		FC9F403C29633D5D000E998C /* Resources */ = {
			isa = PBXGroup;
			children = (
				FC9F403029633A70000E998C /* Assets.xcassets */,
			);
			path = Resources;
			sourceTree = "<group>";
		};
		FC9F403D29633D8A000E998C /* Extensions */ = {
			isa = PBXGroup;
			children = (
				FC100A76296369D20016304A /* UIView+ext.swift */,
			);
			path = Extensions;
			sourceTree = "<group>";
		};
		FC9F403E29633DA1000E998C /* Base */ = {
			isa = PBXGroup;
			children = (
				FC9F404329633F8F000E998C /* PSTabBarController.swift */,
				FC100A7829636A320016304A /* PSBaseViewController.swift */,
				FC100A7A29636A8F0016304A /* PSBaseView.swift */,
				FC100A7C29636AFC0016304A /* PSConfigurator.swift */,
				FC100A7E29636B7A0016304A /* PSRouter.swift */,
			);
			path = Base;
			sourceTree = "<group>";
		};
		FC9F404029633DC0000E998C /* Services */ = {
			isa = PBXGroup;
			children = (
				FC9F405529634451000E998C /* NetworkManager.swift */,
				FC9F405729634472000E998C /* StorageManager.swift */,
			);
			path = Services;
			sourceTree = "<group>";
		};
		FC9F404129633E35000E998C /* PhotosModule */ = {
			isa = PBXGroup;
			children = (
				FC100A8D2963A4E00016304A /* View */,
				FC100A8C2963A4D40016304A /* ViewModel */,
			);
			path = PhotosModule;
			sourceTree = "<group>";
		};
		FC9F404229633E3F000E998C /* FavoriteModule */ = {
			isa = PBXGroup;
			children = (
				FC100A862963999D0016304A /* View */,
				FC100A87296399A50016304A /* ViewModel */,
			);
			path = FavoriteModule;
			sourceTree = "<group>";
		};
		FC9F404729634122000E998C /* Models */ = {
			isa = PBXGroup;
			children = (
				FC9F4051296343D1000E998C /* Photo.swift */,
				FC9F405329634406000E998C /* SearchedPhotos.swift */,
			);
			path = Models;
			sourceTree = "<group>";
		};
		FC9F404E29634266000E998C /* PhotoDetailModule */ = {
			isa = PBXGroup;
			children = (
				FC100A8229637CCF0016304A /* View */,
				FC100A85296398A40016304A /* ViewModel */,
			);
			path = PhotoDetailModule;
			sourceTree = "<group>";
		};
/* End PBXGroup section */

/* Begin PBXNativeTarget section */
		FC9F402329633A6F000E998C /* Photo Search */ = {
			isa = PBXNativeTarget;
			buildConfigurationList = FC9F403829633A70000E998C /* Build configuration list for PBXNativeTarget "Photo Search" */;
			buildPhases = (
				35342EE6A8E766DA845C00D2 /* [CP] Check Pods Manifest.lock */,
				FC9F402029633A6F000E998C /* Sources */,
				FC9F402129633A6F000E998C /* Frameworks */,
				FC9F402229633A6F000E998C /* Resources */,
				FEB415315E6F1EEF0F9DB663 /* [CP] Embed Pods Frameworks */,
			);
			buildRules = (
			);
			dependencies = (
			);
			name = "Photo Search";
			productName = "Photo Search";
			productReference = FC9F402429633A6F000E998C /* Photo Search.app */;
			productType = "com.apple.product-type.application";
		};
/* End PBXNativeTarget section */

/* Begin PBXProject section */
		FC9F401C29633A6F000E998C /* Project object */ = {
			isa = PBXProject;
			attributes = {
				BuildIndependentTargetsInParallel = 1;
				LastSwiftUpdateCheck = 1420;
				LastUpgradeCheck = 1420;
				TargetAttributes = {
					FC9F402329633A6F000E998C = {
						CreatedOnToolsVersion = 14.2;
					};
				};
			};
			buildConfigurationList = FC9F401F29633A6F000E998C /* Build configuration list for PBXProject "Photo Search" */;
			compatibilityVersion = "Xcode 13.0";
			developmentRegion = en;
			hasScannedForEncodings = 0;
			knownRegions = (
				en,
				Base,
			);
			mainGroup = FC9F401B29633A6F000E998C;
			productRefGroup = FC9F402529633A6F000E998C /* Products */;
			projectDirPath = "";
			projectRoot = "";
			targets = (
				FC9F402329633A6F000E998C /* Photo Search */,
			);
		};
/* End PBXProject section */

/* Begin PBXResourcesBuildPhase section */
		FC9F402229633A6F000E998C /* Resources */ = {
			isa = PBXResourcesBuildPhase;
			buildActionMask = 2147483647;
			files = (
				FC9F403429633A70000E998C /* LaunchScreen.storyboard in Resources */,
				FC9F403129633A70000E998C /* Assets.xcassets in Resources */,
			);
			runOnlyForDeploymentPostprocessing = 0;
		};
/* End PBXResourcesBuildPhase section */

/* Begin PBXShellScriptBuildPhase section */
		35342EE6A8E766DA845C00D2 /* [CP] Check Pods Manifest.lock */ = {
			isa = PBXShellScriptBuildPhase;
			buildActionMask = 2147483647;
			files = (
			);
			inputFileListPaths = (
			);
			inputPaths = (
				"${PODS_PODFILE_DIR_PATH}/Podfile.lock",
				"${PODS_ROOT}/Manifest.lock",
			);
			name = "[CP] Check Pods Manifest.lock";
			outputFileListPaths = (
			);
			outputPaths = (
				"$(DERIVED_FILE_DIR)/Pods-Photo Search-checkManifestLockResult.txt",
			);
			runOnlyForDeploymentPostprocessing = 0;
			shellPath = /bin/sh;
			shellScript = "diff \"${PODS_PODFILE_DIR_PATH}/Podfile.lock\" \"${PODS_ROOT}/Manifest.lock\" > /dev/null\nif [ $? != 0 ] ; then\n    # print error to STDERR\n    echo \"error: The sandbox is not in sync with the Podfile.lock. Run 'pod install' or update your CocoaPods installation.\" >&2\n    exit 1\nfi\n# This output is used by Xcode 'outputs' to avoid re-running this script phase.\necho \"SUCCESS\" > \"${SCRIPT_OUTPUT_FILE_0}\"\n";
			showEnvVarsInLog = 0;
		};
		FEB415315E6F1EEF0F9DB663 /* [CP] Embed Pods Frameworks */ = {
			isa = PBXShellScriptBuildPhase;
			buildActionMask = 2147483647;
			files = (
			);
			inputFileListPaths = (
				"${PODS_ROOT}/Target Support Files/Pods-Photo Search/Pods-Photo Search-frameworks-${CONFIGURATION}-input-files.xcfilelist",
			);
			name = "[CP] Embed Pods Frameworks";
			outputFileListPaths = (
				"${PODS_ROOT}/Target Support Files/Pods-Photo Search/Pods-Photo Search-frameworks-${CONFIGURATION}-output-files.xcfilelist",
			);
			runOnlyForDeploymentPostprocessing = 0;
			shellPath = /bin/sh;
			shellScript = "\"${PODS_ROOT}/Target Support Files/Pods-Photo Search/Pods-Photo Search-frameworks.sh\"\n";
			showEnvVarsInLog = 0;
		};
/* End PBXShellScriptBuildPhase section */

/* Begin PBXSourcesBuildPhase section */
		FC9F402029633A6F000E998C /* Sources */ = {
			isa = PBXSourcesBuildPhase;
			buildActionMask = 2147483647;
			files = (
				FC9F404429633F8F000E998C /* PSTabBarController.swift in Sources */,
				FC9F402829633A6F000E998C /* AppDelegate.swift in Sources */,
				FC100A8929639A1E0016304A /* FavoriteListViewModel.swift in Sources */,
				FC100A8B29639A540016304A /* FavoritePhotoCellViewModel.swift in Sources */,
				FC100A7929636A320016304A /* PSBaseViewController.swift in Sources */,
				FC9F404B29634203000E998C /* FavoriteListViewController.swift in Sources */,
				FC9F405829634472000E998C /* StorageManager.swift in Sources */,
				FC100A7D29636AFC0016304A /* PSConfigurator.swift in Sources */,
				FC9F4052296343D1000E998C /* Photo.swift in Sources */,
				FC100A8F2963A5400016304A /* PhotosCollectionViewModel.swift in Sources */,
				FC9F405629634451000E998C /* NetworkManager.swift in Sources */,
				FC100A84296385AB0016304A /* PhotoDetailViewModel.swift in Sources */,
				FC100A912963A56D0016304A /* PhotoCellViewModel.swift in Sources */,
				FC100A8129637CC60016304A /* PhotoDetailView.swift in Sources */,
				FC9F402A29633A6F000E998C /* SceneDelegate.swift in Sources */,
				FC9F404D29634235000E998C /* FavoritePhotoViewCell.swift in Sources */,
				FC100A77296369D20016304A /* UIView+ext.swift in Sources */,
				FC9F4046296340DE000E998C /* PhotosCollectionViewController.swift in Sources */,
				FC100A7B29636A8F0016304A /* PSBaseView.swift in Sources */,
				FC9F4050296342E5000E998C /* PhotoDetailViewController.swift in Sources */,
				FC9F40492963416C000E998C /* PhotoViewCell.swift in Sources */,
				FC100A7F29636B7A0016304A /* PSRouter.swift in Sources */,
				FC9F405429634406000E998C /* SearchedPhotos.swift in Sources */,
			);
			runOnlyForDeploymentPostprocessing = 0;
		};
/* End PBXSourcesBuildPhase section */

/* Begin PBXVariantGroup section */
		FC9F403229633A70000E998C /* LaunchScreen.storyboard */ = {
			isa = PBXVariantGroup;
			children = (
				FC9F403329633A70000E998C /* Base */,
			);
			name = LaunchScreen.storyboard;
			sourceTree = "<group>";
		};
/* End PBXVariantGroup section */

/* Begin XCBuildConfiguration section */
		FC9F403629633A70000E998C /* Debug */ = {
			isa = XCBuildConfiguration;
			buildSettings = {
				ALWAYS_SEARCH_USER_PATHS = NO;
				CLANG_ANALYZER_NONNULL = YES;
				CLANG_ANALYZER_NUMBER_OBJECT_CONVERSION = YES_AGGRESSIVE;
				CLANG_CXX_LANGUAGE_STANDARD = "gnu++20";
				CLANG_ENABLE_MODULES = YES;
				CLANG_ENABLE_OBJC_ARC = YES;
				CLANG_ENABLE_OBJC_WEAK = YES;
				CLANG_WARN_BLOCK_CAPTURE_AUTORELEASING = YES;
				CLANG_WARN_BOOL_CONVERSION = YES;
				CLANG_WARN_COMMA = YES;
				CLANG_WARN_CONSTANT_CONVERSION = YES;
				CLANG_WARN_DEPRECATED_OBJC_IMPLEMENTATIONS = YES;
				CLANG_WARN_DIRECT_OBJC_ISA_USAGE = YES_ERROR;
				CLANG_WARN_DOCUMENTATION_COMMENTS = YES;
				CLANG_WARN_EMPTY_BODY = YES;
				CLANG_WARN_ENUM_CONVERSION = YES;
				CLANG_WARN_INFINITE_RECURSION = YES;
				CLANG_WARN_INT_CONVERSION = YES;
				CLANG_WARN_NON_LITERAL_NULL_CONVERSION = YES;
				CLANG_WARN_OBJC_IMPLICIT_RETAIN_SELF = YES;
				CLANG_WARN_OBJC_LITERAL_CONVERSION = YES;
				CLANG_WARN_OBJC_ROOT_CLASS = YES_ERROR;
				CLANG_WARN_QUOTED_INCLUDE_IN_FRAMEWORK_HEADER = YES;
				CLANG_WARN_RANGE_LOOP_ANALYSIS = YES;
				CLANG_WARN_STRICT_PROTOTYPES = YES;
				CLANG_WARN_SUSPICIOUS_MOVE = YES;
				CLANG_WARN_UNGUARDED_AVAILABILITY = YES_AGGRESSIVE;
				CLANG_WARN_UNREACHABLE_CODE = YES;
				CLANG_WARN__DUPLICATE_METHOD_MATCH = YES;
				COPY_PHASE_STRIP = NO;
				DEBUG_INFORMATION_FORMAT = dwarf;
				ENABLE_STRICT_OBJC_MSGSEND = YES;
				ENABLE_TESTABILITY = YES;
				GCC_C_LANGUAGE_STANDARD = gnu11;
				GCC_DYNAMIC_NO_PIC = NO;
				GCC_NO_COMMON_BLOCKS = YES;
				GCC_OPTIMIZATION_LEVEL = 0;
				GCC_PREPROCESSOR_DEFINITIONS = (
					"DEBUG=1",
					"$(inherited)",
				);
				GCC_WARN_64_TO_32_BIT_CONVERSION = YES;
				GCC_WARN_ABOUT_RETURN_TYPE = YES_ERROR;
				GCC_WARN_UNDECLARED_SELECTOR = YES;
				GCC_WARN_UNINITIALIZED_AUTOS = YES_AGGRESSIVE;
				GCC_WARN_UNUSED_FUNCTION = YES;
				GCC_WARN_UNUSED_VARIABLE = YES;
				IPHONEOS_DEPLOYMENT_TARGET = 13.0;
				MTL_ENABLE_DEBUG_INFO = INCLUDE_SOURCE;
				MTL_FAST_MATH = YES;
				ONLY_ACTIVE_ARCH = YES;
				SDKROOT = iphoneos;
				SWIFT_ACTIVE_COMPILATION_CONDITIONS = DEBUG;
				SWIFT_OPTIMIZATION_LEVEL = "-Onone";
			};
			name = Debug;
		};
		FC9F403729633A70000E998C /* Release */ = {
			isa = XCBuildConfiguration;
			buildSettings = {
				ALWAYS_SEARCH_USER_PATHS = NO;
				CLANG_ANALYZER_NONNULL = YES;
				CLANG_ANALYZER_NUMBER_OBJECT_CONVERSION = YES_AGGRESSIVE;
				CLANG_CXX_LANGUAGE_STANDARD = "gnu++20";
				CLANG_ENABLE_MODULES = YES;
				CLANG_ENABLE_OBJC_ARC = YES;
				CLANG_ENABLE_OBJC_WEAK = YES;
				CLANG_WARN_BLOCK_CAPTURE_AUTORELEASING = YES;
				CLANG_WARN_BOOL_CONVERSION = YES;
				CLANG_WARN_COMMA = YES;
				CLANG_WARN_CONSTANT_CONVERSION = YES;
				CLANG_WARN_DEPRECATED_OBJC_IMPLEMENTATIONS = YES;
				CLANG_WARN_DIRECT_OBJC_ISA_USAGE = YES_ERROR;
				CLANG_WARN_DOCUMENTATION_COMMENTS = YES;
				CLANG_WARN_EMPTY_BODY = YES;
				CLANG_WARN_ENUM_CONVERSION = YES;
				CLANG_WARN_INFINITE_RECURSION = YES;
				CLANG_WARN_INT_CONVERSION = YES;
				CLANG_WARN_NON_LITERAL_NULL_CONVERSION = YES;
				CLANG_WARN_OBJC_IMPLICIT_RETAIN_SELF = YES;
				CLANG_WARN_OBJC_LITERAL_CONVERSION = YES;
				CLANG_WARN_OBJC_ROOT_CLASS = YES_ERROR;
				CLANG_WARN_QUOTED_INCLUDE_IN_FRAMEWORK_HEADER = YES;
				CLANG_WARN_RANGE_LOOP_ANALYSIS = YES;
				CLANG_WARN_STRICT_PROTOTYPES = YES;
				CLANG_WARN_SUSPICIOUS_MOVE = YES;
				CLANG_WARN_UNGUARDED_AVAILABILITY = YES_AGGRESSIVE;
				CLANG_WARN_UNREACHABLE_CODE = YES;
				CLANG_WARN__DUPLICATE_METHOD_MATCH = YES;
				COPY_PHASE_STRIP = NO;
				DEBUG_INFORMATION_FORMAT = "dwarf-with-dsym";
				ENABLE_NS_ASSERTIONS = NO;
				ENABLE_STRICT_OBJC_MSGSEND = YES;
				GCC_C_LANGUAGE_STANDARD = gnu11;
				GCC_NO_COMMON_BLOCKS = YES;
				GCC_WARN_64_TO_32_BIT_CONVERSION = YES;
				GCC_WARN_ABOUT_RETURN_TYPE = YES_ERROR;
				GCC_WARN_UNDECLARED_SELECTOR = YES;
				GCC_WARN_UNINITIALIZED_AUTOS = YES_AGGRESSIVE;
				GCC_WARN_UNUSED_FUNCTION = YES;
				GCC_WARN_UNUSED_VARIABLE = YES;
				IPHONEOS_DEPLOYMENT_TARGET = 13.0;
				MTL_ENABLE_DEBUG_INFO = NO;
				MTL_FAST_MATH = YES;
				SDKROOT = iphoneos;
				SWIFT_COMPILATION_MODE = wholemodule;
				SWIFT_OPTIMIZATION_LEVEL = "-O";
				VALIDATE_PRODUCT = YES;
			};
			name = Release;
		};
		FC9F403929633A70000E998C /* Debug */ = {
			isa = XCBuildConfiguration;
			baseConfigurationReference = CABCEECDE53AA738C060C780 /* Pods-Photo Search.debug.xcconfig */;
			buildSettings = {
				ASSETCATALOG_COMPILER_APPICON_NAME = AppIcon;
				ASSETCATALOG_COMPILER_GLOBAL_ACCENT_COLOR_NAME = AccentColor;
				CODE_SIGN_STYLE = Automatic;
				CURRENT_PROJECT_VERSION = 1;
				DEVELOPMENT_TEAM = 4ARG8W2BQX;
				GENERATE_INFOPLIST_FILE = YES;
				INFOPLIST_FILE = "Photo Search/SupportingFiles/Info.plist";
				INFOPLIST_KEY_UIApplicationSupportsIndirectInputEvents = YES;
				INFOPLIST_KEY_UILaunchStoryboardName = LaunchScreen;
				INFOPLIST_KEY_UIMainStoryboardFile = "";
				INFOPLIST_KEY_UISupportedInterfaceOrientations = UIInterfaceOrientationPortrait;
				IPHONEOS_DEPLOYMENT_TARGET = 13.0;
				LD_RUNPATH_SEARCH_PATHS = (
					"$(inherited)",
					"@executable_path/Frameworks",
				);
				MARKETING_VERSION = 1.0;
				PRODUCT_BUNDLE_IDENTIFIER = "com.zhukov.Photo-Search";
				PRODUCT_NAME = "$(TARGET_NAME)";
				SUPPORTED_PLATFORMS = "iphoneos iphonesimulator";
				SUPPORTS_MACCATALYST = NO;
				SUPPORTS_MAC_DESIGNED_FOR_IPHONE_IPAD = NO;
				SWIFT_EMIT_LOC_STRINGS = YES;
				SWIFT_VERSION = 5.0;
				TARGETED_DEVICE_FAMILY = "1,2";
			};
			name = Debug;
		};
		FC9F403A29633A70000E998C /* Release */ = {
			isa = XCBuildConfiguration;
			baseConfigurationReference = 1C2C0DD9F1BE59CD3EC4446E /* Pods-Photo Search.release.xcconfig */;
			buildSettings = {
				ASSETCATALOG_COMPILER_APPICON_NAME = AppIcon;
				ASSETCATALOG_COMPILER_GLOBAL_ACCENT_COLOR_NAME = AccentColor;
				CODE_SIGN_STYLE = Automatic;
				CURRENT_PROJECT_VERSION = 1;
				DEVELOPMENT_TEAM = 4ARG8W2BQX;
				GENERATE_INFOPLIST_FILE = YES;
				INFOPLIST_FILE = "Photo Search/SupportingFiles/Info.plist";
				INFOPLIST_KEY_UIApplicationSupportsIndirectInputEvents = YES;
				INFOPLIST_KEY_UILaunchStoryboardName = LaunchScreen;
				INFOPLIST_KEY_UIMainStoryboardFile = "";
				INFOPLIST_KEY_UISupportedInterfaceOrientations = UIInterfaceOrientationPortrait;
				IPHONEOS_DEPLOYMENT_TARGET = 13.0;
				LD_RUNPATH_SEARCH_PATHS = (
					"$(inherited)",
					"@executable_path/Frameworks",
				);
				MARKETING_VERSION = 1.0;
				PRODUCT_BUNDLE_IDENTIFIER = "com.zhukov.Photo-Search";
				PRODUCT_NAME = "$(TARGET_NAME)";
				SUPPORTED_PLATFORMS = "iphoneos iphonesimulator";
				SUPPORTS_MACCATALYST = NO;
				SUPPORTS_MAC_DESIGNED_FOR_IPHONE_IPAD = NO;
				SWIFT_EMIT_LOC_STRINGS = YES;
				SWIFT_VERSION = 5.0;
				TARGETED_DEVICE_FAMILY = "1,2";
			};
			name = Release;
		};
/* End XCBuildConfiguration section */

/* Begin XCConfigurationList section */
		FC9F401F29633A6F000E998C /* Build configuration list for PBXProject "Photo Search" */ = {
			isa = XCConfigurationList;
			buildConfigurations = (
				FC9F403629633A70000E998C /* Debug */,
				FC9F403729633A70000E998C /* Release */,
			);
			defaultConfigurationIsVisible = 0;
			defaultConfigurationName = Release;
		};
		FC9F403829633A70000E998C /* Build configuration list for PBXNativeTarget "Photo Search" */ = {
			isa = XCConfigurationList;
			buildConfigurations = (
				FC9F403929633A70000E998C /* Debug */,
				FC9F403A29633A70000E998C /* Release */,
			);
			defaultConfigurationIsVisible = 0;
			defaultConfigurationName = Release;
		};
/* End XCConfigurationList section */
	};
	rootObject = FC9F401C29633A6F000E998C /* Project object */;
}
